
Microsoft Visual Studio Solution File, Format Version 12.00
# Visual Studio Version 16
VisualStudioVersion = 16.0.31105.61
MinimumVisualStudioVersion = 10.0.40219.1
Project("{FAE04EC0-301F-11D3-BF4B-00C04F79EFBC}") = "rezerwacjaSalwBudynkach_GUI", "rezerwacjaSalwBudynkach_GUI\rezerwacjaSalwBudynkach_GUI.csproj", "{319A0DFC-0989-4D85-8947-246299C82CBC}"
EndProject
Global
	GlobalSection(SolutionConfigurationPlatforms) = preSolution
		Debug|Any CPU = Debug|Any CPU
		Release|Any CPU = Release|Any CPU
	EndGlobalSection
	GlobalSection(ProjectConfigurationPlatforms) = postSolution
		{319A0DFC-0989-4D85-8947-246299C82CBC}.Debug|Any CPU.ActiveCfg = Debug|Any CPU
		{319A0DFC-0989-4D85-8947-246299C82CBC}.Debug|Any CPU.Build.0 = Debug|Any CPU
		{319A0DFC-0989-4D85-8947-246299C82CBC}.Release|Any CPU.ActiveCfg = Release|Any CPU
		{319A0DFC-0989-4D85-8947-246299C82CBC}.Release|Any CPU.Build.0 = Release|Any CPU
	EndGlobalSection
	GlobalSection(SolutionProperties) = preSolution
		HideSolutionNode = FALSE
	EndGlobalSection
	GlobalSection(ExtensibilityGlobals) = postSolution
		SolutionGuid = {31017D2C-1679-4807-8396-80F7E1659745}
	EndGlobalSection
EndGlobal
